<Solution>
  <Folder Name="/src/">
    <Project Path="src/WindowLive.App/WindowLive.App.csproj" />
    <Project Path="src/WindowLive.Core/WindowLive.Core.csproj" />
  </Folder>
  <Folder Name="/tests/">
    <Project Path="tests/WindowLive.Core.Tests/WindowLive.Core.Tests.csproj" />
  </Folder>
</Solution>
